
Microsoft Visual Studio Solution File, Format Version 12.00
# Visual Studio Version 16
VisualStudioVersion = 16.0.29609.76
MinimumVisualStudioVersion = 10.0.40219.1
Project("{FAE04EC0-301F-11D3-BF4B-00C04F79EFBC}") = "Saper", "Saper\Saper.csproj", "{A0C42EAD-4E75-44A2-A891-858D047AAA9F}"
EndProject
Global
	GlobalSection(SolutionConfigurationPlatforms) = preSolution
		Debug|Any CPU = Debug|Any CPU
		Release|Any CPU = Release|Any CPU
	EndGlobalSection
	GlobalSection(ProjectConfigurationPlatforms) = postSolution
		{A0C42EAD-4E75-44A2-A891-858D047AAA9F}.Debug|Any CPU.ActiveCfg = Debug|Any CPU
		{A0C42EAD-4E75-44A2-A891-858D047AAA9F}.Debug|Any CPU.Build.0 = Debug|Any CPU
		{A0C42EAD-4E75-44A2-A891-858D047AAA9F}.Release|Any CPU.ActiveCfg = Release|Any CPU
		{A0C42EAD-4E75-44A2-A891-858D047AAA9F}.Release|Any CPU.Build.0 = Release|Any CPU
	EndGlobalSection
	GlobalSection(SolutionProperties) = preSolution
		HideSolutionNode = FALSE
	EndGlobalSection
	GlobalSection(ExtensibilityGlobals) = postSolution
		SolutionGuid = {BC2F0A82-5495-41F9-AEF6-702F6C655663}
	EndGlobalSection
EndGlobal
